
Microsoft Visual Studio Solution File, Format Version 12.00
# Visual Studio Version 17
VisualStudioVersion = 17.4.33205.214
MinimumVisualStudioVersion = 10.0.40219.1
Project("{FAE04EC0-301F-11D3-BF4B-00C04F79EFBC}") = "MigrationsDemo", "MigrationsDemo\MigrationsDemo.csproj", "{280DD090-C71D-413D-8B8A-35E1F65628BC}"
EndProject
Global
	GlobalSection(SolutionConfigurationPlatforms) = preSolution
		Debug|Any CPU = Debug|Any CPU
		Release|Any CPU = Release|Any CPU
	EndGlobalSection
	GlobalSection(ProjectConfigurationPlatforms) = postSolution
		{280DD090-C71D-413D-8B8A-35E1F65628BC}.Debug|Any CPU.ActiveCfg = Debug|Any CPU
		{280DD090-C71D-413D-8B8A-35E1F65628BC}.Debug|Any CPU.Build.0 = Debug|Any CPU
		{280DD090-C71D-413D-8B8A-35E1F65628BC}.Release|Any CPU.ActiveCfg = Release|Any CPU
		{280DD090-C71D-413D-8B8A-35E1F65628BC}.Release|Any CPU.Build.0 = Release|Any CPU
	EndGlobalSection
	GlobalSection(SolutionProperties) = preSolution
		HideSolutionNode = FALSE
	EndGlobalSection
	GlobalSection(ExtensibilityGlobals) = postSolution
		SolutionGuid = {EFC39651-81D5-43B0-8548-B95195F57779}
	EndGlobalSection
EndGlobal
