
Microsoft Visual Studio Solution File, Format Version 12.00
# Visual Studio Version 17
VisualStudioVersion = 17.5.33502.453
MinimumVisualStudioVersion = 10.0.40219.1
Project("{9A19103F-16F7-4668-BE54-9A1E7A4F7556}") = "BusinessObject", "BusinessObject\BusinessObject.csproj", "{4680CC52-BA61-4583-A7B5-E4940674649C}"
EndProject
Project("{9A19103F-16F7-4668-BE54-9A1E7A4F7556}") = "DataAccess", "DataAccess\DataAccess.csproj", "{B8A656B9-8E29-40EC-A796-BDDFCAB7AA49}"
EndProject
Project("{9A19103F-16F7-4668-BE54-9A1E7A4F7556}") = "WPFApp", "WPFApp\WPFApp.csproj", "{79B89D0D-6E16-4032-956E-BB03E1C9F27E}"
EndProject
Global
	GlobalSection(SolutionConfigurationPlatforms) = preSolution
		Debug|Any CPU = Debug|Any CPU
		Release|Any CPU = Release|Any CPU
	EndGlobalSection
	GlobalSection(ProjectConfigurationPlatforms) = postSolution
		{4680CC52-BA61-4583-A7B5-E4940674649C}.Debug|Any CPU.ActiveCfg = Debug|Any CPU
		{4680CC52-BA61-4583-A7B5-E4940674649C}.Debug|Any CPU.Build.0 = Debug|Any CPU
		{4680CC52-BA61-4583-A7B5-E4940674649C}.Release|Any CPU.ActiveCfg = Release|Any CPU
		{4680CC52-BA61-4583-A7B5-E4940674649C}.Release|Any CPU.Build.0 = Release|Any CPU
		{B8A656B9-8E29-40EC-A796-BDDFCAB7AA49}.Debug|Any CPU.ActiveCfg = Debug|Any CPU
		{B8A656B9-8E29-40EC-A796-BDDFCAB7AA49}.Debug|Any CPU.Build.0 = Debug|Any CPU
		{B8A656B9-8E29-40EC-A796-BDDFCAB7AA49}.Release|Any CPU.ActiveCfg = Release|Any CPU
		{B8A656B9-8E29-40EC-A796-BDDFCAB7AA49}.Release|Any CPU.Build.0 = Release|Any CPU
		{79B89D0D-6E16-4032-956E-BB03E1C9F27E}.Debug|Any CPU.ActiveCfg = Debug|Any CPU
		{79B89D0D-6E16-4032-956E-BB03E1C9F27E}.Debug|Any CPU.Build.0 = Debug|Any CPU
		{79B89D0D-6E16-4032-956E-BB03E1C9F27E}.Release|Any CPU.ActiveCfg = Release|Any CPU
		{79B89D0D-6E16-4032-956E-BB03E1C9F27E}.Release|Any CPU.Build.0 = Release|Any CPU
	EndGlobalSection
	GlobalSection(SolutionProperties) = preSolution
		HideSolutionNode = FALSE
	EndGlobalSection
	GlobalSection(ExtensibilityGlobals) = postSolution
		SolutionGuid = {43CC5AA9-C104-4808-95C1-2E0391A8C6B9}
	EndGlobalSection
EndGlobal
