
Microsoft Visual Studio Solution File, Format Version 12.00
# Visual Studio Version 17
VisualStudioVersion = 17.5.33502.453
MinimumVisualStudioVersion = 10.0.40219.1
Project("{FAE04EC0-301F-11D3-BF4B-00C04F79EFBC}") = "SaleManager", "SaleManager\SaleManager.csproj", "{680AF333-3746-48DC-8C8D-A9B9FEB6EB88}"
EndProject
Project("{FAE04EC0-301F-11D3-BF4B-00C04F79EFBC}") = "DataAccess", "DataAccess\DataAccess.csproj", "{E4703186-4EF8-4976-82E9-EEFBD2DAB119}"
EndProject
Project("{FAE04EC0-301F-11D3-BF4B-00C04F79EFBC}") = "Models", "Models\Models.csproj", "{C87EE497-BC92-4404-AEF8-A5409C584ECF}"
EndProject
Project("{FAE04EC0-301F-11D3-BF4B-00C04F79EFBC}") = "Utility", "Utility\Utility.csproj", "{C7534A3A-8EE1-41B3-93BA-5DC6514C69D9}"
EndProject
Global
	GlobalSection(SolutionConfigurationPlatforms) = preSolution
		Debug|Any CPU = Debug|Any CPU
		Release|Any CPU = Release|Any CPU
	EndGlobalSection
	GlobalSection(ProjectConfigurationPlatforms) = postSolution
		{680AF333-3746-48DC-8C8D-A9B9FEB6EB88}.Debug|Any CPU.ActiveCfg = Debug|Any CPU
		{680AF333-3746-48DC-8C8D-A9B9FEB6EB88}.Debug|Any CPU.Build.0 = Debug|Any CPU
		{680AF333-3746-48DC-8C8D-A9B9FEB6EB88}.Release|Any CPU.ActiveCfg = Release|Any CPU
		{680AF333-3746-48DC-8C8D-A9B9FEB6EB88}.Release|Any CPU.Build.0 = Release|Any CPU
		{E4703186-4EF8-4976-82E9-EEFBD2DAB119}.Debug|Any CPU.ActiveCfg = Debug|Any CPU
		{E4703186-4EF8-4976-82E9-EEFBD2DAB119}.Debug|Any CPU.Build.0 = Debug|Any CPU
		{E4703186-4EF8-4976-82E9-EEFBD2DAB119}.Release|Any CPU.ActiveCfg = Release|Any CPU
		{E4703186-4EF8-4976-82E9-EEFBD2DAB119}.Release|Any CPU.Build.0 = Release|Any CPU
		{C87EE497-BC92-4404-AEF8-A5409C584ECF}.Debug|Any CPU.ActiveCfg = Debug|Any CPU
		{C87EE497-BC92-4404-AEF8-A5409C584ECF}.Debug|Any CPU.Build.0 = Debug|Any CPU
		{C87EE497-BC92-4404-AEF8-A5409C584ECF}.Release|Any CPU.ActiveCfg = Release|Any CPU
		{C87EE497-BC92-4404-AEF8-A5409C584ECF}.Release|Any CPU.Build.0 = Release|Any CPU
		{C7534A3A-8EE1-41B3-93BA-5DC6514C69D9}.Debug|Any CPU.ActiveCfg = Debug|Any CPU
		{C7534A3A-8EE1-41B3-93BA-5DC6514C69D9}.Debug|Any CPU.Build.0 = Debug|Any CPU
		{C7534A3A-8EE1-41B3-93BA-5DC6514C69D9}.Release|Any CPU.ActiveCfg = Release|Any CPU
		{C7534A3A-8EE1-41B3-93BA-5DC6514C69D9}.Release|Any CPU.Build.0 = Release|Any CPU
	EndGlobalSection
	GlobalSection(SolutionProperties) = preSolution
		HideSolutionNode = FALSE
	EndGlobalSection
	GlobalSection(ExtensibilityGlobals) = postSolution
		SolutionGuid = {1DE90CA9-CE85-4996-AB17-75553F631FB6}
	EndGlobalSection
EndGlobal
